
Microsoft Visual Studio Solution File, Format Version 12.00
# Visual Studio Version 17
VisualStudioVersion = 17.8.34309.116
MinimumVisualStudioVersion = 10.0.40219.1
Project("{FAE04EC0-301F-11D3-BF4B-00C04F79EFBC}") = "SODV2101-FinalProject", "SODV2101-FinalProject\SODV2101-FinalProject.csproj", "{D2CC8D65-5A57-42E6-9AFC-904E896D5901}"
EndProject
Global
	GlobalSection(SolutionConfigurationPlatforms) = preSolution
		Debug|Any CPU = Debug|Any CPU
		Release|Any CPU = Release|Any CPU
	EndGlobalSection
	GlobalSection(ProjectConfigurationPlatforms) = postSolution
		{D2CC8D65-5A57-42E6-9AFC-904E896D5901}.Debug|Any CPU.ActiveCfg = Debug|Any CPU
		{D2CC8D65-5A57-42E6-9AFC-904E896D5901}.Debug|Any CPU.Build.0 = Debug|Any CPU
		{D2CC8D65-5A57-42E6-9AFC-904E896D5901}.Release|Any CPU.ActiveCfg = Release|Any CPU
		{D2CC8D65-5A57-42E6-9AFC-904E896D5901}.Release|Any CPU.Build.0 = Release|Any CPU
	EndGlobalSection
	GlobalSection(SolutionProperties) = preSolution
		HideSolutionNode = FALSE
	EndGlobalSection
	GlobalSection(ExtensibilityGlobals) = postSolution
		SolutionGuid = {5676C849-2D93-42A8-8AAB-C92DC9598D94}
	EndGlobalSection
EndGlobal
